// !$*UTF8*$!
{
	archiveVersion = 1;
	classes = {
	};
	objectVersion = 50;
	objects = {

/* Begin PBXBuildFile section */
		CA683B4B21086C8C0098F345 /* AppDelegate.swift in Sources */ = {isa = PBXBuildFile; fileRef = CA683B4A21086C8C0098F345 /* AppDelegate.swift */; };
		CA683B4D21086C8C0098F345 /* ClockViewController.swift in Sources */ = {isa = PBXBuildFile; fileRef = CA683B4C21086C8C0098F345 /* ClockViewController.swift */; };
		CA683B5021086C8C0098F345 /* Main.storyboard in Resources */ = {isa = PBXBuildFile; fileRef = CA683B4E21086C8C0098F345 /* Main.storyboard */; };
		CA683B5221086C8D0098F345 /* Assets.xcassets in Resources */ = {isa = PBXBuildFile; fileRef = CA683B5121086C8D0098F345 /* Assets.xcassets */; };
		CA683B5521086C8D0098F345 /* LaunchScreen.storyboard in Resources */ = {isa = PBXBuildFile; fileRef = CA683B5321086C8D0098F345 /* LaunchScreen.storyboard */; };
		CA683B5D21086C9B0098F345 /* ClockView.swift in Sources */ = {isa = PBXBuildFile; fileRef = CA683B5C21086C9B0098F345 /* ClockView.swift */; };
		CA683B5F210876600098F345 /* Date+extensions.swift in Sources */ = {isa = PBXBuildFile; fileRef = CA683B5E210876600098F345 /* Date+extensions.swift */; };
/* End PBXBuildFile section */

/* Begin PBXFileReference section */
		CA683B4721086C8C0098F345 /* JustClockWithImage.app */ = {isa = PBXFileReference; explicitFileType = wrapper.application; includeInIndex = 0; path = JustClockWithImage.app; sourceTree = BUILT_PRODUCTS_DIR; };
		CA683B4A21086C8C0098F345 /* AppDelegate.swift */ = {isa = PBXFileReference; lastKnownFileType = sourcecode.swift; path = AppDelegate.swift; sourceTree = "<group>"; };
		CA683B4C21086C8C0098F345 /* ClockViewController.swift */ = {isa = PBXFileReference; lastKnownFileType = sourcecode.swift; path = ClockViewController.swift; sourceTree = "<group>"; };
		CA683B4F21086C8C0098F345 /* Base */ = {isa = PBXFileReference; lastKnownFileType = file.storyboard; name = Base; path = Base.lproj/Main.storyboard; sourceTree = "<group>"; };
		CA683B5121086C8D0098F345 /* Assets.xcassets */ = {isa = PBXFileReference; lastKnownFileType = folder.assetcatalog; path = Assets.xcassets; sourceTree = "<group>"; };
		CA683B5421086C8D0098F345 /* Base */ = {isa = PBXFileReference; lastKnownFileType = file.storyboard; name = Base; path = Base.lproj/LaunchScreen.storyboard; sourceTree = "<group>"; };
		CA683B5621086C8D0098F345 /* Info.plist */ = {isa = PBXFileReference; lastKnownFileType = text.plist.xml; path = Info.plist; sourceTree = "<group>"; };
		CA683B5C21086C9B0098F345 /* ClockView.swift */ = {isa = PBXFileReference; lastKnownFileType = sourcecode.swift; path = ClockView.swift; sourceTree = "<group>"; };
		CA683B5E210876600098F345 /* Date+extensions.swift */ = {isa = PBXFileReference; lastKnownFileType = sourcecode.swift; path = "Date+extensions.swift"; sourceTree = "<group>"; };
/* End PBXFileReference section */

/* Begin PBXFrameworksBuildPhase section */
		CA683B4421086C8C0098F345 /* Frameworks */ = {
			isa = PBXFrameworksBuildPhase;
			buildActionMask = 2147483647;
			files = (
			);
			runOnlyForDeploymentPostprocessing = 0;
		};
/* End PBXFrameworksBuildPhase section */

/* Begin PBXGroup section */
		CA683B3E21086C8C0098F345 = {
			isa = PBXGroup;
			children = (
				CA683B4921086C8C0098F345 /* JustClockWithImage */,
				CA683B4821086C8C0098F345 /* Products */,
			);
			sourceTree = "<group>";
		};
		CA683B4821086C8C0098F345 /* Products */ = {
			isa = PBXGroup;
			children = (
				CA683B4721086C8C0098F345 /* JustClockWithImage.app */,
			);
			name = Products;
			sourceTree = "<group>";
		};
		CA683B4921086C8C0098F345 /* JustClockWithImage */ = {
			isa = PBXGroup;
			children = (
				CA683B4A21086C8C0098F345 /* AppDelegate.swift */,
				CA683B4C21086C8C0098F345 /* ClockViewController.swift */,
				CA683B5C21086C9B0098F345 /* ClockView.swift */,
				CA683B5E210876600098F345 /* Date+extensions.swift */,
				CA683B4E21086C8C0098F345 /* Main.storyboard */,
				CA683B5121086C8D0098F345 /* Assets.xcassets */,
				CA683B5321086C8D0098F345 /* LaunchScreen.storyboard */,
				CA683B5621086C8D0098F345 /* Info.plist */,
			);
			path = JustClockWithImage;
			sourceTree = "<group>";
		};
/* End PBXGroup section */

/* Begin PBXNativeTarget section */
		CA683B4621086C8C0098F345 /* JustClockWithImage */ = {
			isa = PBXNativeTarget;
			buildConfigurationList = CA683B5921086C8D0098F345 /* Build configuration list for PBXNativeTarget "JustClockWithImage" */;
			buildPhases = (
				CA683B4321086C8C0098F345 /* Sources */,
				CA683B4421086C8C0098F345 /* Frameworks */,
				CA683B4521086C8C0098F345 /* Resources */,
			);
			buildRules = (
			);
			dependencies = (
			);
			name = JustClockWithImage;
			productName = JustClockWithImage;
			productReference = CA683B4721086C8C0098F345 /* JustClockWithImage.app */;
			productType = "com.apple.product-type.application";
		};
/* End PBXNativeTarget section */

/* Begin PBXProject section */
		CA683B3F21086C8C0098F345 /* Project object */ = {
			isa = PBXProject;
			attributes = {
				LastSwiftUpdateCheck = 0940;
				LastUpgradeCheck = 0940;
				ORGANIZATIONNAME = Jiyoung.Jiwon;
				TargetAttributes = {
					CA683B4621086C8C0098F345 = {
						CreatedOnToolsVersion = 9.4.1;
					};
				};
			};
			buildConfigurationList = CA683B4221086C8C0098F345 /* Build configuration list for PBXProject "JustClockWithImage" */;
			compatibilityVersion = "Xcode 9.3";
			developmentRegion = en;
			hasScannedForEncodings = 0;
			knownRegions = (
				en,
				Base,
			);
			mainGroup = CA683B3E21086C8C0098F345;
			productRefGroup = CA683B4821086C8C0098F345 /* Products */;
			projectDirPath = "";
			projectRoot = "";
			targets = (
				CA683B4621086C8C0098F345 /* JustClockWithImage */,
			);
		};
/* End PBXProject section */

/* Begin PBXResourcesBuildPhase section */
		CA683B4521086C8C0098F345 /* Resources */ = {
			isa = PBXResourcesBuildPhase;
			buildActionMask = 2147483647;
			files = (
				CA683B5521086C8D0098F345 /* LaunchScreen.storyboard in Resources */,
				CA683B5221086C8D0098F345 /* Assets.xcassets in Resources */,
				CA683B5021086C8C0098F345 /* Main.storyboard in Resources */,
			);
			runOnlyForDeploymentPostprocessing = 0;
		};
/* End PBXResourcesBuildPhase section */

/* Begin PBXSourcesBuildPhase section */
		CA683B4321086C8C0098F345 /* Sources */ = {
			isa = PBXSourcesBuildPhase;
			buildActionMask = 2147483647;
			files = (
				CA683B4D21086C8C0098F345 /* ClockViewController.swift in Sources */,
				CA683B5D21086C9B0098F345 /* ClockView.swift in Sources */,
				CA683B5F210876600098F345 /* Date+extensions.swift in Sources */,
				CA683B4B21086C8C0098F345 /* AppDelegate.swift in Sources */,
			);
			runOnlyForDeploymentPostprocessing = 0;
		};
/* End PBXSourcesBuildPhase section */

/* Begin PBXVariantGroup section */
		CA683B4E21086C8C0098F345 /* Main.storyboard */ = {
			isa = PBXVariantGroup;
			children = (
				CA683B4F21086C8C0098F345 /* Base */,
			);
			name = Main.storyboard;
			sourceTree = "<group>";
		};
		CA683B5321086C8D0098F345 /* LaunchScreen.storyboard */ = {
			isa = PBXVariantGroup;
			children = (
				CA683B5421086C8D0098F345 /* Base */,
			);
			name = LaunchScreen.storyboard;
			sourceTree = "<group>";
		};
/* End PBXVariantGroup section */

/* Begin XCBuildConfiguration section */
		CA683B5721086C8D0098F345 /* Debug */ = {
			isa = XCBuildConfiguration;
			buildSettings = {
				ALWAYS_SEARCH_USER_PATHS = NO;
				CLANG_ANALYZER_NONNULL = YES;
				CLANG_ANALYZER_NUMBER_OBJECT_CONVERSION = YES_AGGRESSIVE;
				CLANG_CXX_LANGUAGE_STANDARD = "gnu++14";
				CLANG_CXX_LIBRARY = "libc++";
				CLANG_ENABLE_MODULES = YES;
				CLANG_ENABLE_OBJC_ARC = YES;
				CLANG_ENABLE_OBJC_WEAK = YES;
				CLANG_WARN_BLOCK_CAPTURE_AUTORELEASING = YES;
				CLANG_WARN_BOOL_CONVERSION = YES;
				CLANG_WARN_COMMA = YES;
				CLANG_WARN_CONSTANT_CONVERSION = YES;
				CLANG_WARN_DEPRECATED_OBJC_IMPLEMENTATIONS = YES;
				CLANG_WARN_DIRECT_OBJC_ISA_USAGE = YES_ERROR;
				CLANG_WARN_DOCUMENTATION_COMMENTS = YES;
				CLANG_WARN_EMPTY_BODY = YES;
				CLANG_WARN_ENUM_CONVERSION = YES;
				CLANG_WARN_INFINITE_RECURSION = YES;
				CLANG_WARN_INT_CONVERSION = YES;
				CLANG_WARN_NON_LITERAL_NULL_CONVERSION = YES;
				CLANG_WARN_OBJC_IMPLICIT_RETAIN_SELF = YES;
				CLANG_WARN_OBJC_LITERAL_CONVERSION = YES;
				CLANG_WARN_OBJC_ROOT_CLASS = YES_ERROR;
				CLANG_WARN_RANGE_LOOP_ANALYSIS = YES;
				CLANG_WARN_STRICT_PROTOTYPES = YES;
				CLANG_WARN_SUSPICIOUS_MOVE = YES;
				CLANG_WARN_UNGUARDED_AVAILABILITY = YES_AGGRESSIVE;
				CLANG_WARN_UNREACHABLE_CODE = YES;
				CLANG_WARN__DUPLICATE_METHOD_MATCH = YES;
				CODE_SIGN_IDENTITY = "iPhone Developer";
				COPY_PHASE_STRIP = NO;
				DEBUG_INFORMATION_FORMAT = dwarf;
				ENABLE_STRICT_OBJC_MSGSEND = YES;
				ENABLE_TESTABILITY = YES;
				GCC_C_LANGUAGE_STANDARD = gnu11;
				GCC_DYNAMIC_NO_PIC = NO;
				GCC_NO_COMMON_BLOCKS = YES;
				GCC_OPTIMIZATION_LEVEL = 0;
				GCC_PREPROCESSOR_DEFINITIONS = (
					"DEBUG=1",
					"$(inherited)",
				);
				GCC_WARN_64_TO_32_BIT_CONVERSION = YES;
				GCC_WARN_ABOUT_RETURN_TYPE = YES_ERROR;
				GCC_WARN_UNDECLARED_SELECTOR = YES;
				GCC_WARN_UNINITIALIZED_AUTOS = YES_AGGRESSIVE;
				GCC_WARN_UNUSED_FUNCTION = YES;
				GCC_WARN_UNUSED_VARIABLE = YES;
				IPHONEOS_DEPLOYMENT_TARGET = 11.4;
				MTL_ENABLE_DEBUG_INFO = YES;
				ONLY_ACTIVE_ARCH = YES;
				SDKROOT = iphoneos;
				SWIFT_ACTIVE_COMPILATION_CONDITIONS = DEBUG;
				SWIFT_OPTIMIZATION_LEVEL = "-Onone";
			};
			name = Debug;
		};
		CA683B5821086C8D0098F345 /* Release */ = {
			isa = XCBuildConfiguration;
			buildSettings = {
				ALWAYS_SEARCH_USER_PATHS = NO;
				CLANG_ANALYZER_NONNULL = YES;
				CLANG_ANALYZER_NUMBER_OBJECT_CONVERSION = YES_AGGRESSIVE;
				CLANG_CXX_LANGUAGE_STANDARD = "gnu++14";
				CLANG_CXX_LIBRARY = "libc++";
				CLANG_ENABLE_MODULES = YES;
				CLANG_ENABLE_OBJC_ARC = YES;
				CLANG_ENABLE_OBJC_WEAK = YES;
				CLANG_WARN_BLOCK_CAPTURE_AUTORELEASING = YES;
				CLANG_WARN_BOOL_CONVERSION = YES;
				CLANG_WARN_COMMA = YES;
				CLANG_WARN_CONSTANT_CONVERSION = YES;
				CLANG_WARN_DEPRECATED_OBJC_IMPLEMENTATIONS = YES;
				CLANG_WARN_DIRECT_OBJC_ISA_USAGE = YES_ERROR;
				CLANG_WARN_DOCUMENTATION_COMMENTS = YES;
				CLANG_WARN_EMPTY_BODY = YES;
				CLANG_WARN_ENUM_CONVERSION = YES;
				CLANG_WARN_INFINITE_RECURSION = YES;
				CLANG_WARN_INT_CONVERSION = YES;
				CLANG_WARN_NON_LITERAL_NULL_CONVERSION = YES;
				CLANG_WARN_OBJC_IMPLICIT_RETAIN_SELF = YES;
				CLANG_WARN_OBJC_LITERAL_CONVERSION = YES;
				CLANG_WARN_OBJC_ROOT_CLASS = YES_ERROR;
				CLANG_WARN_RANGE_LOOP_ANALYSIS = YES;
				CLANG_WARN_STRICT_PROTOTYPES = YES;
				CLANG_WARN_SUSPICIOUS_MOVE = YES;
				CLANG_WARN_UNGUARDED_AVAILABILITY = YES_AGGRESSIVE;
				CLANG_WARN_UNREACHABLE_CODE = YES;
				CLANG_WARN__DUPLICATE_METHOD_MATCH = YES;
				CODE_SIGN_IDENTITY = "iPhone Developer";
				COPY_PHASE_STRIP = NO;
				DEBUG_INFORMATION_FORMAT = "dwarf-with-dsym";
				ENABLE_NS_ASSERTIONS = NO;
				ENABLE_STRICT_OBJC_MSGSEND = YES;
				GCC_C_LANGUAGE_STANDARD = gnu11;
				GCC_NO_COMMON_BLOCKS = YES;
				GCC_WARN_64_TO_32_BIT_CONVERSION = YES;
				GCC_WARN_ABOUT_RETURN_TYPE = YES_ERROR;
				GCC_WARN_UNDECLARED_SELECTOR = YES;
				GCC_WARN_UNINITIALIZED_AUTOS = YES_AGGRESSIVE;
				GCC_WARN_UNUSED_FUNCTION = YES;
				GCC_WARN_UNUSED_VARIABLE = YES;
				IPHONEOS_DEPLOYMENT_TARGET = 11.4;
				MTL_ENABLE_DEBUG_INFO = NO;
				SDKROOT = iphoneos;
				SWIFT_COMPILATION_MODE = wholemodule;
				SWIFT_OPTIMIZATION_LEVEL = "-O";
				VALIDATE_PRODUCT = YES;
			};
			name = Release;
		};
		CA683B5A21086C8D0098F345 /* Debug */ = {
			isa = XCBuildConfiguration;
			buildSettings = {
				ASSETCATALOG_COMPILER_APPICON_NAME = AppIcon;
				CODE_SIGN_STYLE = Automatic;
				DEVELOPMENT_TEAM = XVT9A9T7RP;
				INFOPLIST_FILE = JustClockWithImage/Info.plist;
				LD_RUNPATH_SEARCH_PATHS = (
					"$(inherited)",
					"@executable_path/Frameworks",
				);
				PRODUCT_BUNDLE_IDENTIFIER = jj.JustClockWithImage;
				PRODUCT_NAME = "$(TARGET_NAME)";
				SWIFT_VERSION = 4.0;
				TARGETED_DEVICE_FAMILY = "1,2";
			};
			name = Debug;
		};
		CA683B5B21086C8D0098F345 /* Release */ = {
			isa = XCBuildConfiguration;
			buildSettings = {
				ASSETCATALOG_COMPILER_APPICON_NAME = AppIcon;
				CODE_SIGN_STYLE = Automatic;
				DEVELOPMENT_TEAM = XVT9A9T7RP;
				INFOPLIST_FILE = JustClockWithImage/Info.plist;
				LD_RUNPATH_SEARCH_PATHS = (
					"$(inherited)",
					"@executable_path/Frameworks",
				);
				PRODUCT_BUNDLE_IDENTIFIER = jj.JustClockWithImage;
				PRODUCT_NAME = "$(TARGET_NAME)";
				SWIFT_VERSION = 4.0;
				TARGETED_DEVICE_FAMILY = "1,2";
			};
			name = Release;
		};
/* End XCBuildConfiguration section */

/* Begin XCConfigurationList section */
		CA683B4221086C8C0098F345 /* Build configuration list for PBXProject "JustClockWithImage" */ = {
			isa = XCConfigurationList;
			buildConfigurations = (
				CA683B5721086C8D0098F345 /* Debug */,
				CA683B5821086C8D0098F345 /* Release */,
			);
			defaultConfigurationIsVisible = 0;
			defaultConfigurationName = Release;
		};
		CA683B5921086C8D0098F345 /* Build configuration list for PBXNativeTarget "JustClockWithImage" */ = {
			isa = XCConfigurationList;
			buildConfigurations = (
				CA683B5A21086C8D0098F345 /* Debug */,
				CA683B5B21086C8D0098F345 /* Release */,
			);
			defaultConfigurationIsVisible = 0;
			defaultConfigurationName = Release;
		};
/* End XCConfigurationList section */
	};
	rootObject = CA683B3F21086C8C0098F345 /* Project object */;
}
